
Microsoft Visual Studio Solution File, Format Version 12.00
# Visual Studio Version 17
VisualStudioVersion = 17.9.34728.123
MinimumVisualStudioVersion = 10.0.40219.1
Project("{FAE04EC0-301F-11D3-BF4B-00C04F79EFBC}") = "UTCSharpTest", "UTCSharpTest.csproj", "{FD5AE4C8-E551-42CA-8DF6-0FC76F5387ED}"
EndProject
Global
	GlobalSection(SolutionConfigurationPlatforms) = preSolution
		Debug|Any CPU = Debug|Any CPU
		Release|Any CPU = Release|Any CPU
	EndGlobalSection
	GlobalSection(ProjectConfigurationPlatforms) = postSolution
		{FD5AE4C8-E551-42CA-8DF6-0FC76F5387ED}.Debug|Any CPU.ActiveCfg = Debug|Any CPU
		{FD5AE4C8-E551-42CA-8DF6-0FC76F5387ED}.Debug|Any CPU.Build.0 = Debug|Any CPU
		{FD5AE4C8-E551-42CA-8DF6-0FC76F5387ED}.Release|Any CPU.ActiveCfg = Release|Any CPU
		{FD5AE4C8-E551-42CA-8DF6-0FC76F5387ED}.Release|Any CPU.Build.0 = Release|Any CPU
	EndGlobalSection
	GlobalSection(SolutionProperties) = preSolution
		HideSolutionNode = FALSE
	EndGlobalSection
	GlobalSection(ExtensibilityGlobals) = postSolution
		SolutionGuid = {53B78719-5897-40B6-87F6-A96E6AC72365}
	EndGlobalSection
EndGlobal
